
Microsoft Visual Studio Solution File, Format Version 12.00
# Visual Studio Version 16
VisualStudioVersion = 16.0.29020.237
MinimumVisualStudioVersion = 10.0.40219.1
Project("{9A19103F-16F7-4668-BE54-9A1E7A4F7556}") = "Plant-A-Plant.Web", "Web\Plant-A-Plant.Web\Plant-A-Plant.Web.csproj", "{D2B58505-4F74-4935-8376-B64C4DD0799F}"
EndProject
Project("{2150E333-8FDC-42A3-9474-1A3956D46DE8}") = "Data", "Data", "{F1C9999F-5BE1-4CB7-8AF8-7FDD846A75D0}"
EndProject
Project("{9A19103F-16F7-4668-BE54-9A1E7A4F7556}") = "Plant-A-Plant.Data", "Data\Plant-A-Plant.Data\Plant-A-Plant.Data.csproj", "{D1A04B63-1A12-4065-A74D-576C5FBE1ACF}"
EndProject
Project("{9A19103F-16F7-4668-BE54-9A1E7A4F7556}") = "Plant-A-Plant.Data.Common", "Data\Plant-A-Plant.Data.Common\Plant-A-Plant.Data.Common.csproj", "{2FC5A254-4BAF-48A9-ABBE-79B1C36AEACF}"
EndProject
Project("{9A19103F-16F7-4668-BE54-9A1E7A4F7556}") = "Plant-A-Plant.Data.Models", "Data\Plant-A-Plant.Data.Models\Plant-A-Plant.Data.Models.csproj", "{1AFEC034-0791-447B-925A-BD115F609A03}"
EndProject
Project("{2150E333-8FDC-42A3-9474-1A3956D46DE8}") = "Services", "Services", "{F2B3C871-807F-488D-B974-DBB2DC89D44B}"
EndProject
Project("{2150E333-8FDC-42A3-9474-1A3956D46DE8}") = "Web", "Web", "{7E81AD33-BF7D-4EEF-87A4-2336820342D0}"
EndProject
Project("{9A19103F-16F7-4668-BE54-9A1E7A4F7556}") = "Plant-A-Plant.Common", "Plant-A-Plant.Common\Plant-A-Plant.Common.csproj", "{9E9CB546-CE37-43D1-8E23-0251C1248462}"
EndProject
Project("{9A19103F-16F7-4668-BE54-9A1E7A4F7556}") = "Plant-A-Plant.Services.Mapping", "Services\Plant-A-Plant.Services.Mapping\Plant-A-Plant.Services.Mapping.csproj", "{B967FF5F-5076-4F86-A203-D92EBF059319}"
EndProject
Project("{9A19103F-16F7-4668-BE54-9A1E7A4F7556}") = "Plant-A-Plant.Services.Data", "Services\Plant-A-Plant.Services.Data\Plant-A-Plant.Services.Data.csproj", "{56846EEC-9C1D-4F8C-B103-BAC391DE2821}"
EndProject
Project("{9A19103F-16F7-4668-BE54-9A1E7A4F7556}") = "Plant-A-Plant.Web.ViewModels", "Web\Plant-A-Plant.Web.ViewModels\Plant-A-Plant.Web.ViewModels.csproj", "{A618CE20-E4E4-4110-9AC8-41775E786F71}"
EndProject
Project("{9A19103F-16F7-4668-BE54-9A1E7A4F7556}") = "Plant-A-Plant.Web.Infrastructure", "Web\Plant-A-Plant.Web.Infrastructure\Plant-A-Plant.Web.Infrastructure.csproj", "{B9053439-4B22-4079-9612-20EEABB92A80}"
EndProject
Global
	GlobalSection(SolutionConfigurationPlatforms) = preSolution
		Debug|Any CPU = Debug|Any CPU
		Release|Any CPU = Release|Any CPU
	EndGlobalSection
	GlobalSection(ProjectConfigurationPlatforms) = postSolution
		{D2B58505-4F74-4935-8376-B64C4DD0799F}.Debug|Any CPU.ActiveCfg = Debug|Any CPU
		{D2B58505-4F74-4935-8376-B64C4DD0799F}.Debug|Any CPU.Build.0 = Debug|Any CPU
		{D2B58505-4F74-4935-8376-B64C4DD0799F}.Release|Any CPU.ActiveCfg = Release|Any CPU
		{D2B58505-4F74-4935-8376-B64C4DD0799F}.Release|Any CPU.Build.0 = Release|Any CPU
		{D1A04B63-1A12-4065-A74D-576C5FBE1ACF}.Debug|Any CPU.ActiveCfg = Debug|Any CPU
		{D1A04B63-1A12-4065-A74D-576C5FBE1ACF}.Debug|Any CPU.Build.0 = Debug|Any CPU
		{D1A04B63-1A12-4065-A74D-576C5FBE1ACF}.Release|Any CPU.ActiveCfg = Release|Any CPU
		{D1A04B63-1A12-4065-A74D-576C5FBE1ACF}.Release|Any CPU.Build.0 = Release|Any CPU
		{2FC5A254-4BAF-48A9-ABBE-79B1C36AEACF}.Debug|Any CPU.ActiveCfg = Debug|Any CPU
		{2FC5A254-4BAF-48A9-ABBE-79B1C36AEACF}.Debug|Any CPU.Build.0 = Debug|Any CPU
		{2FC5A254-4BAF-48A9-ABBE-79B1C36AEACF}.Release|Any CPU.ActiveCfg = Release|Any CPU
		{2FC5A254-4BAF-48A9-ABBE-79B1C36AEACF}.Release|Any CPU.Build.0 = Release|Any CPU
		{1AFEC034-0791-447B-925A-BD115F609A03}.Debug|Any CPU.ActiveCfg = Debug|Any CPU
		{1AFEC034-0791-447B-925A-BD115F609A03}.Debug|Any CPU.Build.0 = Debug|Any CPU
		{1AFEC034-0791-447B-925A-BD115F609A03}.Release|Any CPU.ActiveCfg = Release|Any CPU
		{1AFEC034-0791-447B-925A-BD115F609A03}.Release|Any CPU.Build.0 = Release|Any CPU
		{9E9CB546-CE37-43D1-8E23-0251C1248462}.Debug|Any CPU.ActiveCfg = Debug|Any CPU
		{9E9CB546-CE37-43D1-8E23-0251C1248462}.Debug|Any CPU.Build.0 = Debug|Any CPU
		{9E9CB546-CE37-43D1-8E23-0251C1248462}.Release|Any CPU.ActiveCfg = Release|Any CPU
		{9E9CB546-CE37-43D1-8E23-0251C1248462}.Release|Any CPU.Build.0 = Release|Any CPU
		{B967FF5F-5076-4F86-A203-D92EBF059319}.Debug|Any CPU.ActiveCfg = Debug|Any CPU
		{B967FF5F-5076-4F86-A203-D92EBF059319}.Debug|Any CPU.Build.0 = Debug|Any CPU
		{B967FF5F-5076-4F86-A203-D92EBF059319}.Release|Any CPU.ActiveCfg = Release|Any CPU
		{B967FF5F-5076-4F86-A203-D92EBF059319}.Release|Any CPU.Build.0 = Release|Any CPU
		{56846EEC-9C1D-4F8C-B103-BAC391DE2821}.Debug|Any CPU.ActiveCfg = Debug|Any CPU
		{56846EEC-9C1D-4F8C-B103-BAC391DE2821}.Debug|Any CPU.Build.0 = Debug|Any CPU
		{56846EEC-9C1D-4F8C-B103-BAC391DE2821}.Release|Any CPU.ActiveCfg = Release|Any CPU
		{56846EEC-9C1D-4F8C-B103-BAC391DE2821}.Release|Any CPU.Build.0 = Release|Any CPU
		{A618CE20-E4E4-4110-9AC8-41775E786F71}.Debug|Any CPU.ActiveCfg = Debug|Any CPU
		{A618CE20-E4E4-4110-9AC8-41775E786F71}.Debug|Any CPU.Build.0 = Debug|Any CPU
		{A618CE20-E4E4-4110-9AC8-41775E786F71}.Release|Any CPU.ActiveCfg = Release|Any CPU
		{A618CE20-E4E4-4110-9AC8-41775E786F71}.Release|Any CPU.Build.0 = Release|Any CPU
		{B9053439-4B22-4079-9612-20EEABB92A80}.Debug|Any CPU.ActiveCfg = Debug|Any CPU
		{B9053439-4B22-4079-9612-20EEABB92A80}.Debug|Any CPU.Build.0 = Debug|Any CPU
		{B9053439-4B22-4079-9612-20EEABB92A80}.Release|Any CPU.ActiveCfg = Release|Any CPU
		{B9053439-4B22-4079-9612-20EEABB92A80}.Release|Any CPU.Build.0 = Release|Any CPU
	EndGlobalSection
	GlobalSection(SolutionProperties) = preSolution
		HideSolutionNode = FALSE
	EndGlobalSection
	GlobalSection(NestedProjects) = preSolution
		{D2B58505-4F74-4935-8376-B64C4DD0799F} = {7E81AD33-BF7D-4EEF-87A4-2336820342D0}
		{D1A04B63-1A12-4065-A74D-576C5FBE1ACF} = {F1C9999F-5BE1-4CB7-8AF8-7FDD846A75D0}
		{2FC5A254-4BAF-48A9-ABBE-79B1C36AEACF} = {F1C9999F-5BE1-4CB7-8AF8-7FDD846A75D0}
		{1AFEC034-0791-447B-925A-BD115F609A03} = {F1C9999F-5BE1-4CB7-8AF8-7FDD846A75D0}
		{B967FF5F-5076-4F86-A203-D92EBF059319} = {F2B3C871-807F-488D-B974-DBB2DC89D44B}
		{56846EEC-9C1D-4F8C-B103-BAC391DE2821} = {F2B3C871-807F-488D-B974-DBB2DC89D44B}
		{A618CE20-E4E4-4110-9AC8-41775E786F71} = {7E81AD33-BF7D-4EEF-87A4-2336820342D0}
		{B9053439-4B22-4079-9612-20EEABB92A80} = {7E81AD33-BF7D-4EEF-87A4-2336820342D0}
	EndGlobalSection
	GlobalSection(ExtensibilityGlobals) = postSolution
		SolutionGuid = {F0162FA7-373B-432C-A71D-EF763579FEBD}
	EndGlobalSection
EndGlobal
